
Microsoft Visual Studio Solution File, Format Version 12.00
# Visual Studio 15
VisualStudioVersion = 15.0.28307.438
MinimumVisualStudioVersion = 10.0.40219.1
Project("{FAE04EC0-301F-11D3-BF4B-00C04F79EFBC}") = "Calculadora", "Calculadora\Calculadora.csproj", "{564B2DAC-6C6E-42E2-9BC4-F7B1B6CE3333}"
EndProject
Global
	GlobalSection(SolutionConfigurationPlatforms) = preSolution
		Debug|Any CPU = Debug|Any CPU
		Release|Any CPU = Release|Any CPU
	EndGlobalSection
	GlobalSection(ProjectConfigurationPlatforms) = postSolution
		{564B2DAC-6C6E-42E2-9BC4-F7B1B6CE3333}.Debug|Any CPU.ActiveCfg = Debug|Any CPU
		{564B2DAC-6C6E-42E2-9BC4-F7B1B6CE3333}.Debug|Any CPU.Build.0 = Debug|Any CPU
		{564B2DAC-6C6E-42E2-9BC4-F7B1B6CE3333}.Release|Any CPU.ActiveCfg = Release|Any CPU
		{564B2DAC-6C6E-42E2-9BC4-F7B1B6CE3333}.Release|Any CPU.Build.0 = Release|Any CPU
	EndGlobalSection
	GlobalSection(SolutionProperties) = preSolution
		HideSolutionNode = FALSE
	EndGlobalSection
	GlobalSection(ExtensibilityGlobals) = postSolution
		SolutionGuid = {7BBBE10C-002B-472D-8DFD-D4D2E36FC482}
	EndGlobalSection
EndGlobal
